
Microsoft Visual Studio Solution File, Format Version 12.00
# Visual Studio Version 17
VisualStudioVersion = 17.14.36109.1 d17.14
MinimumVisualStudioVersion = 10.0.40219.1
Project("{F184B08F-C81C-45F6-A57F-5ABD9991F28F}") = "App_Cliente_ejemplo", "App_Cliente_ejemplo\App_Cliente_ejemplo.vbproj", "{9C4804C8-0C95-4502-AE07-5B4FD2623C28}"
EndProject
Global
	GlobalSection(SolutionConfigurationPlatforms) = preSolution
		Debug|Any CPU = Debug|Any CPU
		Release|Any CPU = Release|Any CPU
	EndGlobalSection
	GlobalSection(ProjectConfigurationPlatforms) = postSolution
		{9C4804C8-0C95-4502-AE07-5B4FD2623C28}.Debug|Any CPU.ActiveCfg = Debug|Any CPU
		{9C4804C8-0C95-4502-AE07-5B4FD2623C28}.Debug|Any CPU.Build.0 = Debug|Any CPU
		{9C4804C8-0C95-4502-AE07-5B4FD2623C28}.Release|Any CPU.ActiveCfg = Release|Any CPU
		{9C4804C8-0C95-4502-AE07-5B4FD2623C28}.Release|Any CPU.Build.0 = Release|Any CPU
	EndGlobalSection
	GlobalSection(SolutionProperties) = preSolution
		HideSolutionNode = FALSE
	EndGlobalSection
	GlobalSection(ExtensibilityGlobals) = postSolution
		SolutionGuid = {63A60DB3-BDE9-4566-A889-903097A670D3}
	EndGlobalSection
EndGlobal
